
Microsoft Visual Studio Solution File, Format Version 12.00
# Visual Studio 15
VisualStudioVersion = 15.0.27428.2015
MinimumVisualStudioVersion = 10.0.40219.1
Project("{FAE04EC0-301F-11D3-BF4B-00C04F79EFBC}") = "KURSA_DARBS_PROGII", "KURSA_DARBS_PROGII\KURSA_DARBS_PROGII.csproj", "{CC76DEBC-792F-41F2-92E4-3E3429F5C2E1}"
EndProject
Global
	GlobalSection(SolutionConfigurationPlatforms) = preSolution
		Debug|Any CPU = Debug|Any CPU
		Release|Any CPU = Release|Any CPU
	EndGlobalSection
	GlobalSection(ProjectConfigurationPlatforms) = postSolution
		{CC76DEBC-792F-41F2-92E4-3E3429F5C2E1}.Debug|Any CPU.ActiveCfg = Debug|Any CPU
		{CC76DEBC-792F-41F2-92E4-3E3429F5C2E1}.Debug|Any CPU.Build.0 = Debug|Any CPU
		{CC76DEBC-792F-41F2-92E4-3E3429F5C2E1}.Release|Any CPU.ActiveCfg = Release|Any CPU
		{CC76DEBC-792F-41F2-92E4-3E3429F5C2E1}.Release|Any CPU.Build.0 = Release|Any CPU
	EndGlobalSection
	GlobalSection(SolutionProperties) = preSolution
		HideSolutionNode = FALSE
	EndGlobalSection
	GlobalSection(ExtensibilityGlobals) = postSolution
		SolutionGuid = {6EC4ACC9-1626-4420-AF99-0B98AF240485}
	EndGlobalSection
EndGlobal
